{
  "name": "nawab",
  "lockfileVersion": 3,
  "requires": true,
  "packages": {
    "": {
      "dependencies": {
        "react-geolocated": "^4.3.0"
      }
    },
    "node_modules/react": {
      "version": "19.1.0",
      "resolved": "https://registry.npmjs.org/react/-/react-19.1.0.tgz",
      "integrity": "sha512-FS+XFBNvn3GTAWq26joslQgWNoFu08F4kl0J4CgdNKADkdSGXQyTCnKteIAJy96Br6YbpEU1LSzV5dYtjMkMDg==",
      "license": "MIT",
      "peer": true,
      "engines": {
        "node": ">=0.10.0"
      }
    },
    "node_modules/react-geolocated": {
      "version": "4.3.0",
      "resolved": "https://registry.npmjs.org/react-geolocated/-/react-geolocated-4.3.0.tgz",
      "integrity": "sha512-jj3x45VACcHHvSNWqWHf0f60V12pQDPIH6HuFyJi+BmndQ/dlE+vR0R2Eis+BYnwZPTlaEQ/ANmJjuUPH3Lxsg==",
      "license": "MIT",
      "peerDependencies": {
        "react": ">= 16.8.0 < 20.0.0"
      }
    }
  }
}
